// !$*UTF8*$!
{
	archiveVersion = 1;
	classes = {
	};
	objectVersion = 50;
	objects = {

/* Begin PBXBuildFile section */
		2417ABB221592FB900E30A58 /* AppDelegate.swift in Sources */ = {isa = PBXBuildFile; fileRef = 2417ABB121592FB900E30A58 /* AppDelegate.swift */; };
		2417ABB421592FB900E30A58 /* ViewController.swift in Sources */ = {isa = PBXBuildFile; fileRef = 2417ABB321592FB900E30A58 /* ViewController.swift */; };
		2417ABB621592FBA00E30A58 /* Assets.xcassets in Resources */ = {isa = PBXBuildFile; fileRef = 2417ABB521592FBA00E30A58 /* Assets.xcassets */; };
		2417ABB921592FBA00E30A58 /* Main.storyboard in Resources */ = {isa = PBXBuildFile; fileRef = 2417ABB721592FBA00E30A58 /* Main.storyboard */; };
		2417ABC821592FC900E30A58 /* Cocoa.framework in Frameworks */ = {isa = PBXBuildFile; fileRef = 2417ABC721592FC900E30A58 /* Cocoa.framework */; };
		2417ABCB21592FC900E30A58 /* SafariExtensionHandler.swift in Sources */ = {isa = PBXBuildFile; fileRef = 2417ABCA21592FC900E30A58 /* SafariExtensionHandler.swift */; };
		2417ABCD21592FC900E30A58 /* SafariExtensionViewController.swift in Sources */ = {isa = PBXBuildFile; fileRef = 2417ABCC21592FC900E30A58 /* SafariExtensionViewController.swift */; };
		2417ABD021592FC900E30A58 /* SafariExtensionViewController.xib in Resources */ = {isa = PBXBuildFile; fileRef = 2417ABCE21592FC900E30A58 /* SafariExtensionViewController.xib */; };
		2417ABD321592FC900E30A58 /* script.js in Resources */ = {isa = PBXBuildFile; fileRef = 2417ABD221592FC900E30A58 /* script.js */; };
		2417ABD921592FC900E30A58 /* Select Like A Boss.appex in Embed App Extensions */ = {isa = PBXBuildFile; fileRef = 2417ABC521592FC900E30A58 /* Select Like A Boss.appex */; settings = {ATTRIBUTES = (RemoveHeadersOnCopy, ); }; };
		24FFC9812742DF1C0027C865 /* WindowController.swift in Sources */ = {isa = PBXBuildFile; fileRef = 24FFC9802742DF1C0027C865 /* WindowController.swift */; };
/* End PBXBuildFile section */

/* Begin PBXContainerItemProxy section */
		2417ABD721592FC900E30A58 /* PBXContainerItemProxy */ = {
			isa = PBXContainerItemProxy;
			containerPortal = 2417ABA621592FB900E30A58 /* Project object */;
			proxyType = 1;
			remoteGlobalIDString = 2417ABC421592FC900E30A58;
			remoteInfo = "Select Like A Boss";
		};
/* End PBXContainerItemProxy section */

/* Begin PBXCopyFilesBuildPhase section */
		2417ABDD21592FC900E30A58 /* Embed App Extensions */ = {
			isa = PBXCopyFilesBuildPhase;
			buildActionMask = 2147483647;
			dstPath = "";
			dstSubfolderSpec = 13;
			files = (
				2417ABD921592FC900E30A58 /* Select Like A Boss.appex in Embed App Extensions */,
			);
			name = "Embed App Extensions";
			runOnlyForDeploymentPostprocessing = 0;
		};
/* End PBXCopyFilesBuildPhase section */

/* Begin PBXFileReference section */
		2417ABAE21592FB900E30A58 /* Select Like A Boss For Safari.app */ = {isa = PBXFileReference; explicitFileType = wrapper.application; includeInIndex = 0; path = "Select Like A Boss For Safari.app"; sourceTree = BUILT_PRODUCTS_DIR; };
		2417ABB121592FB900E30A58 /* AppDelegate.swift */ = {isa = PBXFileReference; lastKnownFileType = sourcecode.swift; path = AppDelegate.swift; sourceTree = "<group>"; };
		2417ABB321592FB900E30A58 /* ViewController.swift */ = {isa = PBXFileReference; lastKnownFileType = sourcecode.swift; path = ViewController.swift; sourceTree = "<group>"; };
		2417ABB521592FBA00E30A58 /* Assets.xcassets */ = {isa = PBXFileReference; lastKnownFileType = folder.assetcatalog; path = Assets.xcassets; sourceTree = "<group>"; };
		2417ABB821592FBA00E30A58 /* Base */ = {isa = PBXFileReference; lastKnownFileType = file.storyboard; name = Base; path = Base.lproj/Main.storyboard; sourceTree = "<group>"; };
		2417ABBA21592FBA00E30A58 /* Info.plist */ = {isa = PBXFileReference; lastKnownFileType = text.plist.xml; path = Info.plist; sourceTree = "<group>"; };
		2417ABBB21592FBA00E30A58 /* Select_Like_A_Boss_For_Safari.entitlements */ = {isa = PBXFileReference; lastKnownFileType = text.plist.entitlements; path = Select_Like_A_Boss_For_Safari.entitlements; sourceTree = "<group>"; };
		2417ABC521592FC900E30A58 /* Select Like A Boss.appex */ = {isa = PBXFileReference; explicitFileType = "wrapper.app-extension"; includeInIndex = 0; path = "Select Like A Boss.appex"; sourceTree = BUILT_PRODUCTS_DIR; };
		2417ABC721592FC900E30A58 /* Cocoa.framework */ = {isa = PBXFileReference; lastKnownFileType = wrapper.framework; name = Cocoa.framework; path = System/Library/Frameworks/Cocoa.framework; sourceTree = SDKROOT; };
		2417ABCA21592FC900E30A58 /* SafariExtensionHandler.swift */ = {isa = PBXFileReference; lastKnownFileType = sourcecode.swift; path = SafariExtensionHandler.swift; sourceTree = "<group>"; };
		2417ABCC21592FC900E30A58 /* SafariExtensionViewController.swift */ = {isa = PBXFileReference; lastKnownFileType = sourcecode.swift; path = SafariExtensionViewController.swift; sourceTree = "<group>"; };
		2417ABCF21592FC900E30A58 /* Base */ = {isa = PBXFileReference; lastKnownFileType = file.xib; name = Base; path = Base.lproj/SafariExtensionViewController.xib; sourceTree = "<group>"; };
		2417ABD121592FC900E30A58 /* Info.plist */ = {isa = PBXFileReference; lastKnownFileType = text.plist.xml; path = Info.plist; sourceTree = "<group>"; };
		2417ABD221592FC900E30A58 /* script.js */ = {isa = PBXFileReference; lastKnownFileType = sourcecode.javascript; path = script.js; sourceTree = "<group>"; };
		2417ABD621592FC900E30A58 /* Select_Like_A_Boss.entitlements */ = {isa = PBXFileReference; lastKnownFileType = text.plist.entitlements; path = Select_Like_A_Boss.entitlements; sourceTree = "<group>"; };
		24FFC9802742DF1C0027C865 /* WindowController.swift */ = {isa = PBXFileReference; lastKnownFileType = sourcecode.swift; path = WindowController.swift; sourceTree = "<group>"; };
/* End PBXFileReference section */

/* Begin PBXFrameworksBuildPhase section */
		2417ABAB21592FB900E30A58 /* Frameworks */ = {
			isa = PBXFrameworksBuildPhase;
			buildActionMask = 2147483647;
			files = (
			);
			runOnlyForDeploymentPostprocessing = 0;
		};
		2417ABC221592FC900E30A58 /* Frameworks */ = {
			isa = PBXFrameworksBuildPhase;
			buildActionMask = 2147483647;
			files = (
				2417ABC821592FC900E30A58 /* Cocoa.framework in Frameworks */,
			);
			runOnlyForDeploymentPostprocessing = 0;
		};
/* End PBXFrameworksBuildPhase section */

/* Begin PBXGroup section */
		2417ABA521592FB900E30A58 = {
			isa = PBXGroup;
			children = (
				2417ABB021592FB900E30A58 /* Select Like A Boss For Safari */,
				2417ABC921592FC900E30A58 /* Select Like A Boss */,
				2417ABC621592FC900E30A58 /* Frameworks */,
				2417ABAF21592FB900E30A58 /* Products */,
			);
			sourceTree = "<group>";
		};
		2417ABAF21592FB900E30A58 /* Products */ = {
			isa = PBXGroup;
			children = (
				2417ABAE21592FB900E30A58 /* Select Like A Boss For Safari.app */,
				2417ABC521592FC900E30A58 /* Select Like A Boss.appex */,
			);
			name = Products;
			sourceTree = "<group>";
		};
		2417ABB021592FB900E30A58 /* Select Like A Boss For Safari */ = {
			isa = PBXGroup;
			children = (
				2417ABB121592FB900E30A58 /* AppDelegate.swift */,
				24FFC9802742DF1C0027C865 /* WindowController.swift */,
				2417ABB321592FB900E30A58 /* ViewController.swift */,
				2417ABB521592FBA00E30A58 /* Assets.xcassets */,
				2417ABB721592FBA00E30A58 /* Main.storyboard */,
				2417ABBA21592FBA00E30A58 /* Info.plist */,
				2417ABBB21592FBA00E30A58 /* Select_Like_A_Boss_For_Safari.entitlements */,
			);
			path = "Select Like A Boss For Safari";
			sourceTree = "<group>";
		};
		2417ABC621592FC900E30A58 /* Frameworks */ = {
			isa = PBXGroup;
			children = (
				2417ABC721592FC900E30A58 /* Cocoa.framework */,
			);
			name = Frameworks;
			sourceTree = "<group>";
		};
		2417ABC921592FC900E30A58 /* Select Like A Boss */ = {
			isa = PBXGroup;
			children = (
				2417ABCA21592FC900E30A58 /* SafariExtensionHandler.swift */,
				2417ABCC21592FC900E30A58 /* SafariExtensionViewController.swift */,
				2417ABCE21592FC900E30A58 /* SafariExtensionViewController.xib */,
				2417ABD121592FC900E30A58 /* Info.plist */,
				2417ABD221592FC900E30A58 /* script.js */,
				2417ABD621592FC900E30A58 /* Select_Like_A_Boss.entitlements */,
			);
			path = "Select Like A Boss";
			sourceTree = "<group>";
		};
/* End PBXGroup section */

/* Begin PBXNativeTarget section */
		2417ABAD21592FB900E30A58 /* Select Like A Boss For Safari */ = {
			isa = PBXNativeTarget;
			buildConfigurationList = 2417ABBE21592FBA00E30A58 /* Build configuration list for PBXNativeTarget "Select Like A Boss For Safari" */;
			buildPhases = (
				2417ABAA21592FB900E30A58 /* Sources */,
				2417ABAB21592FB900E30A58 /* Frameworks */,
				2417ABAC21592FB900E30A58 /* Resources */,
				2417ABDD21592FC900E30A58 /* Embed App Extensions */,
			);
			buildRules = (
			);
			dependencies = (
				2417ABD821592FC900E30A58 /* PBXTargetDependency */,
			);
			name = "Select Like A Boss For Safari";
			productName = "Select Like A Boss For Safari";
			productReference = 2417ABAE21592FB900E30A58 /* Select Like A Boss For Safari.app */;
			productType = "com.apple.product-type.application";
		};
		2417ABC421592FC900E30A58 /* Select Like A Boss */ = {
			isa = PBXNativeTarget;
			buildConfigurationList = 2417ABDA21592FC900E30A58 /* Build configuration list for PBXNativeTarget "Select Like A Boss" */;
			buildPhases = (
				2417ABC121592FC900E30A58 /* Sources */,
				2417ABC221592FC900E30A58 /* Frameworks */,
				2417ABC321592FC900E30A58 /* Resources */,
			);
			buildRules = (
			);
			dependencies = (
			);
			name = "Select Like A Boss";
			productName = "Select Like A Boss";
			productReference = 2417ABC521592FC900E30A58 /* Select Like A Boss.appex */;
			productType = "com.apple.product-type.app-extension";
		};
/* End PBXNativeTarget section */

/* Begin PBXProject section */
		2417ABA621592FB900E30A58 /* Project object */ = {
			isa = PBXProject;
			attributes = {
				LastSwiftUpdateCheck = 1000;
				LastUpgradeCheck = 1220;
				ORGANIZATIONNAME = "Sergei Armodin";
				TargetAttributes = {
					2417ABAD21592FB900E30A58 = {
						CreatedOnToolsVersion = 10.0;
						LastSwiftMigration = 1140;
					};
					2417ABC421592FC900E30A58 = {
						CreatedOnToolsVersion = 10.0;
						LastSwiftMigration = 1140;
					};
				};
			};
			buildConfigurationList = 2417ABA921592FB900E30A58 /* Build configuration list for PBXProject "Select Like A Boss For Safari" */;
			compatibilityVersion = "Xcode 9.3";
			developmentRegion = en;
			hasScannedForEncodings = 0;
			knownRegions = (
				en,
				Base,
			);
			mainGroup = 2417ABA521592FB900E30A58;
			productRefGroup = 2417ABAF21592FB900E30A58 /* Products */;
			projectDirPath = "";
			projectRoot = "";
			targets = (
				2417ABAD21592FB900E30A58 /* Select Like A Boss For Safari */,
				2417ABC421592FC900E30A58 /* Select Like A Boss */,
			);
		};
/* End PBXProject section */

/* Begin PBXResourcesBuildPhase section */
		2417ABAC21592FB900E30A58 /* Resources */ = {
			isa = PBXResourcesBuildPhase;
			buildActionMask = 2147483647;
			files = (
				2417ABB621592FBA00E30A58 /* Assets.xcassets in Resources */,
				2417ABB921592FBA00E30A58 /* Main.storyboard in Resources */,
			);
			runOnlyForDeploymentPostprocessing = 0;
		};
		2417ABC321592FC900E30A58 /* Resources */ = {
			isa = PBXResourcesBuildPhase;
			buildActionMask = 2147483647;
			files = (
				2417ABD021592FC900E30A58 /* SafariExtensionViewController.xib in Resources */,
				2417ABD321592FC900E30A58 /* script.js in Resources */,
			);
			runOnlyForDeploymentPostprocessing = 0;
		};
/* End PBXResourcesBuildPhase section */

/* Begin PBXSourcesBuildPhase section */
		2417ABAA21592FB900E30A58 /* Sources */ = {
			isa = PBXSourcesBuildPhase;
			buildActionMask = 2147483647;
			files = (
				2417ABB421592FB900E30A58 /* ViewController.swift in Sources */,
				24FFC9812742DF1C0027C865 /* WindowController.swift in Sources */,
				2417ABB221592FB900E30A58 /* AppDelegate.swift in Sources */,
			);
			runOnlyForDeploymentPostprocessing = 0;
		};
		2417ABC121592FC900E30A58 /* Sources */ = {
			isa = PBXSourcesBuildPhase;
			buildActionMask = 2147483647;
			files = (
				2417ABCD21592FC900E30A58 /* SafariExtensionViewController.swift in Sources */,
				2417ABCB21592FC900E30A58 /* SafariExtensionHandler.swift in Sources */,
			);
			runOnlyForDeploymentPostprocessing = 0;
		};
/* End PBXSourcesBuildPhase section */

/* Begin PBXTargetDependency section */
		2417ABD821592FC900E30A58 /* PBXTargetDependency */ = {
			isa = PBXTargetDependency;
			target = 2417ABC421592FC900E30A58 /* Select Like A Boss */;
			targetProxy = 2417ABD721592FC900E30A58 /* PBXContainerItemProxy */;
		};
/* End PBXTargetDependency section */

/* Begin PBXVariantGroup section */
		2417ABB721592FBA00E30A58 /* Main.storyboard */ = {
			isa = PBXVariantGroup;
			children = (
				2417ABB821592FBA00E30A58 /* Base */,
			);
			name = Main.storyboard;
			sourceTree = "<group>";
		};
		2417ABCE21592FC900E30A58 /* SafariExtensionViewController.xib */ = {
			isa = PBXVariantGroup;
			children = (
				2417ABCF21592FC900E30A58 /* Base */,
			);
			name = SafariExtensionViewController.xib;
			sourceTree = "<group>";
		};
/* End PBXVariantGroup section */

/* Begin XCBuildConfiguration section */
		2417ABBC21592FBA00E30A58 /* Debug */ = {
			isa = XCBuildConfiguration;
			buildSettings = {
				ALWAYS_SEARCH_USER_PATHS = NO;
				CLANG_ANALYZER_NONNULL = YES;
				CLANG_ANALYZER_NUMBER_OBJECT_CONVERSION = YES_AGGRESSIVE;
				CLANG_CXX_LANGUAGE_STANDARD = "gnu++14";
				CLANG_CXX_LIBRARY = "libc++";
				CLANG_ENABLE_MODULES = YES;
				CLANG_ENABLE_OBJC_ARC = YES;
				CLANG_ENABLE_OBJC_WEAK = YES;
				CLANG_WARN_BLOCK_CAPTURE_AUTORELEASING = YES;
				CLANG_WARN_BOOL_CONVERSION = YES;
				CLANG_WARN_COMMA = YES;
				CLANG_WARN_CONSTANT_CONVERSION = YES;
				CLANG_WARN_DEPRECATED_OBJC_IMPLEMENTATIONS = YES;
				CLANG_WARN_DIRECT_OBJC_ISA_USAGE = YES_ERROR;
				CLANG_WARN_DOCUMENTATION_COMMENTS = YES;
				CLANG_WARN_EMPTY_BODY = YES;
				CLANG_WARN_ENUM_CONVERSION = YES;
				CLANG_WARN_INFINITE_RECURSION = YES;
				CLANG_WARN_INT_CONVERSION = YES;
				CLANG_WARN_NON_LITERAL_NULL_CONVERSION = YES;
				CLANG_WARN_OBJC_IMPLICIT_RETAIN_SELF = YES;
				CLANG_WARN_OBJC_LITERAL_CONVERSION = YES;
				CLANG_WARN_OBJC_ROOT_CLASS = YES_ERROR;
				CLANG_WARN_QUOTED_INCLUDE_IN_FRAMEWORK_HEADER = YES;
				CLANG_WARN_RANGE_LOOP_ANALYSIS = YES;
				CLANG_WARN_STRICT_PROTOTYPES = YES;
				CLANG_WARN_SUSPICIOUS_MOVE = YES;
				CLANG_WARN_UNGUARDED_AVAILABILITY = YES_AGGRESSIVE;
				CLANG_WARN_UNREACHABLE_CODE = YES;
				CLANG_WARN__DUPLICATE_METHOD_MATCH = YES;
				CODE_SIGN_IDENTITY = "Mac Developer";
				COPY_PHASE_STRIP = NO;
				DEBUG_INFORMATION_FORMAT = dwarf;
				ENABLE_STRICT_OBJC_MSGSEND = YES;
				ENABLE_TESTABILITY = YES;
				GCC_C_LANGUAGE_STANDARD = gnu11;
				GCC_DYNAMIC_NO_PIC = NO;
				GCC_NO_COMMON_BLOCKS = YES;
				GCC_OPTIMIZATION_LEVEL = 0;
				GCC_PREPROCESSOR_DEFINITIONS = (
					"DEBUG=1",
					"$(inherited)",
				);
				GCC_WARN_64_TO_32_BIT_CONVERSION = YES;
				GCC_WARN_ABOUT_RETURN_TYPE = YES_ERROR;
				GCC_WARN_UNDECLARED_SELECTOR = YES;
				GCC_WARN_UNINITIALIZED_AUTOS = YES_AGGRESSIVE;
				GCC_WARN_UNUSED_FUNCTION = YES;
				GCC_WARN_UNUSED_VARIABLE = YES;
				MACOSX_DEPLOYMENT_TARGET = 10.13;
				MTL_ENABLE_DEBUG_INFO = INCLUDE_SOURCE;
				MTL_FAST_MATH = YES;
				ONLY_ACTIVE_ARCH = YES;
				SDKROOT = macosx;
				SWIFT_ACTIVE_COMPILATION_CONDITIONS = DEBUG;
				SWIFT_OPTIMIZATION_LEVEL = "-Onone";
			};
			name = Debug;
		};
		2417ABBD21592FBA00E30A58 /* Release */ = {
			isa = XCBuildConfiguration;
			buildSettings = {
				ALWAYS_SEARCH_USER_PATHS = NO;
				CLANG_ANALYZER_NONNULL = YES;
				CLANG_ANALYZER_NUMBER_OBJECT_CONVERSION = YES_AGGRESSIVE;
				CLANG_CXX_LANGUAGE_STANDARD = "gnu++14";
				CLANG_CXX_LIBRARY = "libc++";
				CLANG_ENABLE_MODULES = YES;
				CLANG_ENABLE_OBJC_ARC = YES;
				CLANG_ENABLE_OBJC_WEAK = YES;
				CLANG_WARN_BLOCK_CAPTURE_AUTORELEASING = YES;
				CLANG_WARN_BOOL_CONVERSION = YES;
				CLANG_WARN_COMMA = YES;
				CLANG_WARN_CONSTANT_CONVERSION = YES;
				CLANG_WARN_DEPRECATED_OBJC_IMPLEMENTATIONS = YES;
				CLANG_WARN_DIRECT_OBJC_ISA_USAGE = YES_ERROR;
				CLANG_WARN_DOCUMENTATION_COMMENTS = YES;
				CLANG_WARN_EMPTY_BODY = YES;
				CLANG_WARN_ENUM_CONVERSION = YES;
				CLANG_WARN_INFINITE_RECURSION = YES;
				CLANG_WARN_INT_CONVERSION = YES;
				CLANG_WARN_NON_LITERAL_NULL_CONVERSION = YES;
				CLANG_WARN_OBJC_IMPLICIT_RETAIN_SELF = YES;
				CLANG_WARN_OBJC_LITERAL_CONVERSION = YES;
				CLANG_WARN_OBJC_ROOT_CLASS = YES_ERROR;
				CLANG_WARN_QUOTED_INCLUDE_IN_FRAMEWORK_HEADER = YES;
				CLANG_WARN_RANGE_LOOP_ANALYSIS = YES;
				CLANG_WARN_STRICT_PROTOTYPES = YES;
				CLANG_WARN_SUSPICIOUS_MOVE = YES;
				CLANG_WARN_UNGUARDED_AVAILABILITY = YES_AGGRESSIVE;
				CLANG_WARN_UNREACHABLE_CODE = YES;
				CLANG_WARN__DUPLICATE_METHOD_MATCH = YES;
				CODE_SIGN_IDENTITY = "Mac Developer";
				COPY_PHASE_STRIP = NO;
				DEBUG_INFORMATION_FORMAT = "dwarf-with-dsym";
				ENABLE_NS_ASSERTIONS = NO;
				ENABLE_STRICT_OBJC_MSGSEND = YES;
				GCC_C_LANGUAGE_STANDARD = gnu11;
				GCC_NO_COMMON_BLOCKS = YES;
				GCC_WARN_64_TO_32_BIT_CONVERSION = YES;
				GCC_WARN_ABOUT_RETURN_TYPE = YES_ERROR;
				GCC_WARN_UNDECLARED_SELECTOR = YES;
				GCC_WARN_UNINITIALIZED_AUTOS = YES_AGGRESSIVE;
				GCC_WARN_UNUSED_FUNCTION = YES;
				GCC_WARN_UNUSED_VARIABLE = YES;
				MACOSX_DEPLOYMENT_TARGET = 10.13;
				MTL_ENABLE_DEBUG_INFO = NO;
				MTL_FAST_MATH = YES;
				SDKROOT = macosx;
				SWIFT_COMPILATION_MODE = wholemodule;
				SWIFT_OPTIMIZATION_LEVEL = "-O";
			};
			name = Release;
		};
		2417ABBF21592FBA00E30A58 /* Debug */ = {
			isa = XCBuildConfiguration;
			buildSettings = {
				ALWAYS_EMBED_SWIFT_STANDARD_LIBRARIES = YES;
				ASSETCATALOG_COMPILER_APPICON_NAME = AppIcon;
				CODE_SIGN_ENTITLEMENTS = "Select Like A Boss For Safari/Select_Like_A_Boss_For_Safari.entitlements";
				CODE_SIGN_IDENTITY = "-";
				CODE_SIGN_STYLE = Automatic;
				COMBINE_HIDPI_IMAGES = YES;
				CURRENT_PROJECT_VERSION = 3;
				DEVELOPMENT_TEAM = 345VKAJA5N;
				INFOPLIST_FILE = "Select Like A Boss For Safari/Info.plist";
				LD_RUNPATH_SEARCH_PATHS = (
					"$(inherited)",
					"@executable_path/../Frameworks",
				);
				MARKETING_VERSION = 1.2;
				PRODUCT_BUNDLE_IDENTIFIER = "me.spaceinbox.Select-Like-A-Boss-For-Safari";
				PRODUCT_NAME = "$(TARGET_NAME)";
				SWIFT_VERSION = 5.0;
			};
			name = Debug;
		};
		2417ABC021592FBA00E30A58 /* Release */ = {
			isa = XCBuildConfiguration;
			buildSettings = {
				ALWAYS_EMBED_SWIFT_STANDARD_LIBRARIES = YES;
				ASSETCATALOG_COMPILER_APPICON_NAME = AppIcon;
				CODE_SIGN_ENTITLEMENTS = "Select Like A Boss For Safari/Select_Like_A_Boss_For_Safari.entitlements";
				CODE_SIGN_IDENTITY = "-";
				CODE_SIGN_STYLE = Automatic;
				COMBINE_HIDPI_IMAGES = YES;
				CURRENT_PROJECT_VERSION = 3;
				DEVELOPMENT_TEAM = 345VKAJA5N;
				INFOPLIST_FILE = "Select Like A Boss For Safari/Info.plist";
				LD_RUNPATH_SEARCH_PATHS = (
					"$(inherited)",
					"@executable_path/../Frameworks",
				);
				MARKETING_VERSION = 1.2;
				PRODUCT_BUNDLE_IDENTIFIER = "me.spaceinbox.Select-Like-A-Boss-For-Safari";
				PRODUCT_NAME = "$(TARGET_NAME)";
				SWIFT_VERSION = 5.0;
			};
			name = Release;
		};
		2417ABDB21592FC900E30A58 /* Debug */ = {
			isa = XCBuildConfiguration;
			buildSettings = {
				CODE_SIGN_ENTITLEMENTS = "Select Like A Boss/Select_Like_A_Boss.entitlements";
				CODE_SIGN_IDENTITY = "-";
				CODE_SIGN_STYLE = Automatic;
				CURRENT_PROJECT_VERSION = 3;
				DEVELOPMENT_TEAM = 345VKAJA5N;
				INFOPLIST_FILE = "Select Like A Boss/Info.plist";
				LD_RUNPATH_SEARCH_PATHS = (
					"$(inherited)",
					"@executable_path/../Frameworks",
					"@executable_path/../../../../Frameworks",
				);
				MARKETING_VERSION = 1.2;
				PRODUCT_BUNDLE_IDENTIFIER = "me.spaceinbox.Select-Like-A-Boss-For-Safari.Select-Like-A-Boss";
				PRODUCT_NAME = "$(TARGET_NAME)";
				SKIP_INSTALL = YES;
				SWIFT_VERSION = 5.0;
			};
			name = Debug;
		};
		2417ABDC21592FC900E30A58 /* Release */ = {
			isa = XCBuildConfiguration;
			buildSettings = {
				CODE_SIGN_ENTITLEMENTS = "Select Like A Boss/Select_Like_A_Boss.entitlements";
				CODE_SIGN_IDENTITY = "-";
				CODE_SIGN_STYLE = Automatic;
				CURRENT_PROJECT_VERSION = 3;
				DEVELOPMENT_TEAM = 345VKAJA5N;
				INFOPLIST_FILE = "Select Like A Boss/Info.plist";
				LD_RUNPATH_SEARCH_PATHS = (
					"$(inherited)",
					"@executable_path/../Frameworks",
					"@executable_path/../../../../Frameworks",
				);
				MARKETING_VERSION = 1.2;
				PRODUCT_BUNDLE_IDENTIFIER = "me.spaceinbox.Select-Like-A-Boss-For-Safari.Select-Like-A-Boss";
				PRODUCT_NAME = "$(TARGET_NAME)";
				SKIP_INSTALL = YES;
				SWIFT_VERSION = 5.0;
			};
			name = Release;
		};
/* End XCBuildConfiguration section */

/* Begin XCConfigurationList section */
		2417ABA921592FB900E30A58 /* Build configuration list for PBXProject "Select Like A Boss For Safari" */ = {
			isa = XCConfigurationList;
			buildConfigurations = (
				2417ABBC21592FBA00E30A58 /* Debug */,
				2417ABBD21592FBA00E30A58 /* Release */,
			);
			defaultConfigurationIsVisible = 0;
			defaultConfigurationName = Release;
		};
		2417ABBE21592FBA00E30A58 /* Build configuration list for PBXNativeTarget "Select Like A Boss For Safari" */ = {
			isa = XCConfigurationList;
			buildConfigurations = (
				2417ABBF21592FBA00E30A58 /* Debug */,
				2417ABC021592FBA00E30A58 /* Release */,
			);
			defaultConfigurationIsVisible = 0;
			defaultConfigurationName = Release;
		};
		2417ABDA21592FC900E30A58 /* Build configuration list for PBXNativeTarget "Select Like A Boss" */ = {
			isa = XCConfigurationList;
			buildConfigurations = (
				2417ABDB21592FC900E30A58 /* Debug */,
				2417ABDC21592FC900E30A58 /* Release */,
			);
			defaultConfigurationIsVisible = 0;
			defaultConfigurationName = Release;
		};
/* End XCConfigurationList section */
	};
	rootObject = 2417ABA621592FB900E30A58 /* Project object */;
}
